
Microsoft Visual Studio Solution File, Format Version 12.00
# Visual Studio Version 17
VisualStudioVersion = 17.9.34622.214
MinimumVisualStudioVersion = 10.0.40219.1
Project("{9A19103F-16F7-4668-BE54-9A1E7A4F7556}") = "FakeHttpMessageHandler.Tests", "tests\FakeHttpMessageHandler.Tests\FakeHttpMessageHandler.Tests.csproj", "{81EBAB08-B13F-4FBA-A074-1D9EE19B2E99}"
EndProject
Project("{2150E333-8FDC-42A3-9474-1A3956D46DE8}") = "tests", "tests", "{2AF4B4A7-2D51-41DF-8245-E66AA9A0546F}"
EndProject
Project("{2150E333-8FDC-42A3-9474-1A3956D46DE8}") = "src", "src", "{CD816AB0-D2E4-4CA0-AAD6-F14D370E56F0}"
EndProject
Project("{9A19103F-16F7-4668-BE54-9A1E7A4F7556}") = "FakeHttpMessageHandler", "src\FakeHttpMessageHandler\FakeHttpMessageHandler.csproj", "{99EF7F72-4A76-4414-9217-9072B64E3202}"
EndProject
Global
	GlobalSection(SolutionConfigurationPlatforms) = preSolution
		Debug|Any CPU = Debug|Any CPU
		Release|Any CPU = Release|Any CPU
	EndGlobalSection
	GlobalSection(ProjectConfigurationPlatforms) = postSolution
		{81EBAB08-B13F-4FBA-A074-1D9EE19B2E99}.Debug|Any CPU.ActiveCfg = Debug|Any CPU
		{81EBAB08-B13F-4FBA-A074-1D9EE19B2E99}.Debug|Any CPU.Build.0 = Debug|Any CPU
		{81EBAB08-B13F-4FBA-A074-1D9EE19B2E99}.Release|Any CPU.ActiveCfg = Release|Any CPU
		{81EBAB08-B13F-4FBA-A074-1D9EE19B2E99}.Release|Any CPU.Build.0 = Release|Any CPU
		{99EF7F72-4A76-4414-9217-9072B64E3202}.Debug|Any CPU.ActiveCfg = Debug|Any CPU
		{99EF7F72-4A76-4414-9217-9072B64E3202}.Debug|Any CPU.Build.0 = Debug|Any CPU
		{99EF7F72-4A76-4414-9217-9072B64E3202}.Release|Any CPU.ActiveCfg = Release|Any CPU
		{99EF7F72-4A76-4414-9217-9072B64E3202}.Release|Any CPU.Build.0 = Release|Any CPU
	EndGlobalSection
	GlobalSection(SolutionProperties) = preSolution
		HideSolutionNode = FALSE
	EndGlobalSection
	GlobalSection(NestedProjects) = preSolution
		{81EBAB08-B13F-4FBA-A074-1D9EE19B2E99} = {2AF4B4A7-2D51-41DF-8245-E66AA9A0546F}
		{99EF7F72-4A76-4414-9217-9072B64E3202} = {CD816AB0-D2E4-4CA0-AAD6-F14D370E56F0}
	EndGlobalSection
EndGlobal
